
Microsoft Visual Studio Solution File, Format Version 12.00
# Visual Studio Version 16
VisualStudioVersion = 25.0.1703.0
MinimumVisualStudioVersion = 10.0.40219.1
Project("{FAE04EC0-301F-11D3-BF4B-00C04F79EFBC}") = "BandEquipmentOCP", "BandEquipmentOCP.csproj", "{EA19D789-DCCB-429B-83AC-D7DE95233BA1}"
EndProject
Global
	GlobalSection(SolutionConfigurationPlatforms) = preSolution
		Debug|Any CPU = Debug|Any CPU
		Release|Any CPU = Release|Any CPU
	EndGlobalSection
	GlobalSection(ProjectConfigurationPlatforms) = postSolution
		{EA19D789-DCCB-429B-83AC-D7DE95233BA1}.Debug|Any CPU.ActiveCfg = Debug|Any CPU
		{EA19D789-DCCB-429B-83AC-D7DE95233BA1}.Debug|Any CPU.Build.0 = Debug|Any CPU
		{EA19D789-DCCB-429B-83AC-D7DE95233BA1}.Release|Any CPU.ActiveCfg = Release|Any CPU
		{EA19D789-DCCB-429B-83AC-D7DE95233BA1}.Release|Any CPU.Build.0 = Release|Any CPU
	EndGlobalSection
	GlobalSection(SolutionProperties) = preSolution
		HideSolutionNode = FALSE
	EndGlobalSection
	GlobalSection(ExtensibilityGlobals) = postSolution
		SolutionGuid = {584B8017-22A6-42D3-9B1D-FB7146389455}
	EndGlobalSection
EndGlobal
